
Microsoft Visual Studio Solution File, Format Version 12.00
# Visual Studio Version 17
VisualStudioVersion = 17.11.35111.106
MinimumVisualStudioVersion = 10.0.40219.1
Project("{2150E333-8FDC-42A3-9474-1A3956D46DE8}") = "tests", "tests", "{58657B31-4E16-4EE0-BE6A-E1828E1BBBBF}"
EndProject
Project("{FAE04EC0-301F-11D3-BF4B-00C04F79EFBC}") = "ChromaConnect.Service.Tests", "tests\ChromaConnect.Service.Tests\ChromaConnect.Service.Tests.csproj", "{8B1A3277-F9C9-42AB-9A24-B80AB6200E78}"
EndProject
Project("{FAE04EC0-301F-11D3-BF4B-00C04F79EFBC}") = "ChromaConnect.App.Tests", "tests\ChromaConnect.App.Tests\ChromaConnect.App.Tests.csproj", "{3EC75474-30E9-4776-8D6D-E066E2F2EBC3}"
EndProject
Project("{2150E333-8FDC-42A3-9474-1A3956D46DE8}") = "src", "src", "{827E0CD3-B72D-47B6-A68D-7590B98EB39B}"
EndProject
Project("{2150E333-8FDC-42A3-9474-1A3956D46DE8}") = "Keys", "Keys", "{C44127D8-9937-F402-5FE8-99219707F1B5}"
EndProject
Project("{FAE04EC0-301F-11D3-BF4B-00C04F79EFBC}") = "ChromaConnect.Keys", "src\Keys\ChromaConnect.Keys.csproj", "{DAABA6AB-20EE-42B2-9AF0-A0D7C70BFC41}"
EndProject
Project("{2150E333-8FDC-42A3-9474-1A3956D46DE8}") = "Native", "Native", "{986E768A-9E42-6229-8E82-349DB5D13BDD}"
EndProject
Project("{FAE04EC0-301F-11D3-BF4B-00C04F79EFBC}") = "ChromaConnect.Native.OpenRGB", "src\Native\ChromaConnect.Native.OpenRGB\ChromaConnect.Native.OpenRGB.csproj", "{751ABE96-B95D-415E-9040-56AC800E9048}"
EndProject
Project("{2150E333-8FDC-42A3-9474-1A3956D46DE8}") = "SDK", "SDK", "{51B637F8-9C04-5803-F48E-8CB9352021B0}"
EndProject
Project("{FAE04EC0-301F-11D3-BF4B-00C04F79EFBC}") = "ChromaConnect.SDK.OpenRGB", "src\SDK\ChromaConnect.SDK.OpenRGB\ChromaConnect.SDK.OpenRGB.csproj", "{4F8DA207-C73A-4C47-B30F-DF21FE7697E1}"
EndProject
Project("{FAE04EC0-301F-11D3-BF4B-00C04F79EFBC}") = "ChromaConnect.SDK.OpenRGB.Sample", "src\SDK\ChromaConnect.SDK.OpenRGB.Sample\ChromaConnect.SDK.OpenRGB.Sample.csproj", "{2DDBF519-8CD3-49EB-8CA0-6B4466D5D7E4}"
EndProject
Project("{FAE04EC0-301F-11D3-BF4B-00C04F79EFBC}") = "ChromaConnect.SDK.Synapse", "src\SDK\ChromaConnect.SDK.Synapse\ChromaConnect.SDK.Synapse.csproj", "{32508D0D-68E7-4AE2-96D4-2A5BC013D3A1}"
EndProject
Project("{FAE04EC0-301F-11D3-BF4B-00C04F79EFBC}") = "ChromaConnect.SDK.Synapse.Sample", "src\SDK\ChromaConnect.SDK.Synapse.Sample\ChromaConnect.SDK.Synapse.Sample.csproj", "{BE31E41E-430E-4929-BCD9-732C321A69BC}"
EndProject
Global
	GlobalSection(SolutionConfigurationPlatforms) = preSolution
		Debug|Any CPU = Debug|Any CPU
		Debug|x64 = Debug|x64
		Debug|x86 = Debug|x86
		Release|Any CPU = Release|Any CPU
		Release|x64 = Release|x64
		Release|x86 = Release|x86
	EndGlobalSection
	GlobalSection(ProjectConfigurationPlatforms) = postSolution
		{8B1A3277-F9C9-42AB-9A24-B80AB6200E78}.Debug|Any CPU.ActiveCfg = Debug|Any CPU
		{8B1A3277-F9C9-42AB-9A24-B80AB6200E78}.Debug|Any CPU.Build.0 = Debug|Any CPU
		{8B1A3277-F9C9-42AB-9A24-B80AB6200E78}.Debug|x64.ActiveCfg = Debug|Any CPU
		{8B1A3277-F9C9-42AB-9A24-B80AB6200E78}.Debug|x64.Build.0 = Debug|Any CPU
		{8B1A3277-F9C9-42AB-9A24-B80AB6200E78}.Debug|x86.ActiveCfg = Debug|Any CPU
		{8B1A3277-F9C9-42AB-9A24-B80AB6200E78}.Debug|x86.Build.0 = Debug|Any CPU
		{8B1A3277-F9C9-42AB-9A24-B80AB6200E78}.Release|Any CPU.ActiveCfg = Release|Any CPU
		{8B1A3277-F9C9-42AB-9A24-B80AB6200E78}.Release|Any CPU.Build.0 = Release|Any CPU
		{8B1A3277-F9C9-42AB-9A24-B80AB6200E78}.Release|x64.ActiveCfg = Release|Any CPU
		{8B1A3277-F9C9-42AB-9A24-B80AB6200E78}.Release|x64.Build.0 = Release|Any CPU
		{8B1A3277-F9C9-42AB-9A24-B80AB6200E78}.Release|x86.ActiveCfg = Release|Any CPU
		{8B1A3277-F9C9-42AB-9A24-B80AB6200E78}.Release|x86.Build.0 = Release|Any CPU
		{3EC75474-30E9-4776-8D6D-E066E2F2EBC3}.Debug|Any CPU.ActiveCfg = Debug|Any CPU
		{3EC75474-30E9-4776-8D6D-E066E2F2EBC3}.Debug|Any CPU.Build.0 = Debug|Any CPU
		{3EC75474-30E9-4776-8D6D-E066E2F2EBC3}.Debug|x64.ActiveCfg = Debug|Any CPU
		{3EC75474-30E9-4776-8D6D-E066E2F2EBC3}.Debug|x64.Build.0 = Debug|Any CPU
		{3EC75474-30E9-4776-8D6D-E066E2F2EBC3}.Debug|x86.ActiveCfg = Debug|Any CPU
		{3EC75474-30E9-4776-8D6D-E066E2F2EBC3}.Debug|x86.Build.0 = Debug|Any CPU
		{3EC75474-30E9-4776-8D6D-E066E2F2EBC3}.Release|Any CPU.ActiveCfg = Release|Any CPU
		{3EC75474-30E9-4776-8D6D-E066E2F2EBC3}.Release|Any CPU.Build.0 = Release|Any CPU
		{3EC75474-30E9-4776-8D6D-E066E2F2EBC3}.Release|x64.ActiveCfg = Release|Any CPU
		{3EC75474-30E9-4776-8D6D-E066E2F2EBC3}.Release|x64.Build.0 = Release|Any CPU
		{3EC75474-30E9-4776-8D6D-E066E2F2EBC3}.Release|x86.ActiveCfg = Release|Any CPU
		{3EC75474-30E9-4776-8D6D-E066E2F2EBC3}.Release|x86.Build.0 = Release|Any CPU
		{DAABA6AB-20EE-42B2-9AF0-A0D7C70BFC41}.Debug|Any CPU.ActiveCfg = Debug|Any CPU
		{DAABA6AB-20EE-42B2-9AF0-A0D7C70BFC41}.Debug|Any CPU.Build.0 = Debug|Any CPU
		{DAABA6AB-20EE-42B2-9AF0-A0D7C70BFC41}.Debug|x64.ActiveCfg = Debug|Any CPU
		{DAABA6AB-20EE-42B2-9AF0-A0D7C70BFC41}.Debug|x64.Build.0 = Debug|Any CPU
		{DAABA6AB-20EE-42B2-9AF0-A0D7C70BFC41}.Debug|x86.ActiveCfg = Debug|Any CPU
		{DAABA6AB-20EE-42B2-9AF0-A0D7C70BFC41}.Debug|x86.Build.0 = Debug|Any CPU
		{DAABA6AB-20EE-42B2-9AF0-A0D7C70BFC41}.Release|Any CPU.ActiveCfg = Release|Any CPU
		{DAABA6AB-20EE-42B2-9AF0-A0D7C70BFC41}.Release|Any CPU.Build.0 = Release|Any CPU
		{DAABA6AB-20EE-42B2-9AF0-A0D7C70BFC41}.Release|x64.ActiveCfg = Release|Any CPU
		{DAABA6AB-20EE-42B2-9AF0-A0D7C70BFC41}.Release|x64.Build.0 = Release|Any CPU
		{DAABA6AB-20EE-42B2-9AF0-A0D7C70BFC41}.Release|x86.ActiveCfg = Release|Any CPU
		{DAABA6AB-20EE-42B2-9AF0-A0D7C70BFC41}.Release|x86.Build.0 = Release|Any CPU
		{751ABE96-B95D-415E-9040-56AC800E9048}.Debug|Any CPU.ActiveCfg = Debug|Any CPU
		{751ABE96-B95D-415E-9040-56AC800E9048}.Debug|Any CPU.Build.0 = Debug|Any CPU
		{751ABE96-B95D-415E-9040-56AC800E9048}.Debug|x64.ActiveCfg = Debug|Any CPU
		{751ABE96-B95D-415E-9040-56AC800E9048}.Debug|x64.Build.0 = Debug|Any CPU
		{751ABE96-B95D-415E-9040-56AC800E9048}.Debug|x86.ActiveCfg = Debug|Any CPU
		{751ABE96-B95D-415E-9040-56AC800E9048}.Debug|x86.Build.0 = Debug|Any CPU
		{751ABE96-B95D-415E-9040-56AC800E9048}.Release|Any CPU.ActiveCfg = Release|Any CPU
		{751ABE96-B95D-415E-9040-56AC800E9048}.Release|Any CPU.Build.0 = Release|Any CPU
		{751ABE96-B95D-415E-9040-56AC800E9048}.Release|x64.ActiveCfg = Release|Any CPU
		{751ABE96-B95D-415E-9040-56AC800E9048}.Release|x64.Build.0 = Release|Any CPU
		{751ABE96-B95D-415E-9040-56AC800E9048}.Release|x86.ActiveCfg = Release|Any CPU
		{751ABE96-B95D-415E-9040-56AC800E9048}.Release|x86.Build.0 = Release|Any CPU
		{4F8DA207-C73A-4C47-B30F-DF21FE7697E1}.Debug|Any CPU.ActiveCfg = Debug|Any CPU
		{4F8DA207-C73A-4C47-B30F-DF21FE7697E1}.Debug|Any CPU.Build.0 = Debug|Any CPU
		{4F8DA207-C73A-4C47-B30F-DF21FE7697E1}.Debug|x64.ActiveCfg = Debug|Any CPU
		{4F8DA207-C73A-4C47-B30F-DF21FE7697E1}.Debug|x64.Build.0 = Debug|Any CPU
		{4F8DA207-C73A-4C47-B30F-DF21FE7697E1}.Debug|x86.ActiveCfg = Debug|Any CPU
		{4F8DA207-C73A-4C47-B30F-DF21FE7697E1}.Debug|x86.Build.0 = Debug|Any CPU
		{4F8DA207-C73A-4C47-B30F-DF21FE7697E1}.Release|Any CPU.ActiveCfg = Release|Any CPU
		{4F8DA207-C73A-4C47-B30F-DF21FE7697E1}.Release|Any CPU.Build.0 = Release|Any CPU
		{4F8DA207-C73A-4C47-B30F-DF21FE7697E1}.Release|x64.ActiveCfg = Release|Any CPU
		{4F8DA207-C73A-4C47-B30F-DF21FE7697E1}.Release|x64.Build.0 = Release|Any CPU
		{4F8DA207-C73A-4C47-B30F-DF21FE7697E1}.Release|x86.ActiveCfg = Release|Any CPU
		{4F8DA207-C73A-4C47-B30F-DF21FE7697E1}.Release|x86.Build.0 = Release|Any CPU
		{2DDBF519-8CD3-49EB-8CA0-6B4466D5D7E4}.Debug|Any CPU.ActiveCfg = Debug|Any CPU
		{2DDBF519-8CD3-49EB-8CA0-6B4466D5D7E4}.Debug|Any CPU.Build.0 = Debug|Any CPU
		{2DDBF519-8CD3-49EB-8CA0-6B4466D5D7E4}.Debug|x64.ActiveCfg = Debug|Any CPU
		{2DDBF519-8CD3-49EB-8CA0-6B4466D5D7E4}.Debug|x64.Build.0 = Debug|Any CPU
		{2DDBF519-8CD3-49EB-8CA0-6B4466D5D7E4}.Debug|x86.ActiveCfg = Debug|Any CPU
		{2DDBF519-8CD3-49EB-8CA0-6B4466D5D7E4}.Debug|x86.Build.0 = Debug|Any CPU
		{2DDBF519-8CD3-49EB-8CA0-6B4466D5D7E4}.Release|Any CPU.ActiveCfg = Release|Any CPU
		{2DDBF519-8CD3-49EB-8CA0-6B4466D5D7E4}.Release|Any CPU.Build.0 = Release|Any CPU
		{2DDBF519-8CD3-49EB-8CA0-6B4466D5D7E4}.Release|x64.ActiveCfg = Release|Any CPU
		{2DDBF519-8CD3-49EB-8CA0-6B4466D5D7E4}.Release|x64.Build.0 = Release|Any CPU
		{2DDBF519-8CD3-49EB-8CA0-6B4466D5D7E4}.Release|x86.ActiveCfg = Release|Any CPU
		{2DDBF519-8CD3-49EB-8CA0-6B4466D5D7E4}.Release|x86.Build.0 = Release|Any CPU
		{32508D0D-68E7-4AE2-96D4-2A5BC013D3A1}.Debug|Any CPU.ActiveCfg = Debug|Any CPU
		{32508D0D-68E7-4AE2-96D4-2A5BC013D3A1}.Debug|Any CPU.Build.0 = Debug|Any CPU
		{32508D0D-68E7-4AE2-96D4-2A5BC013D3A1}.Debug|x64.ActiveCfg = Debug|Any CPU
		{32508D0D-68E7-4AE2-96D4-2A5BC013D3A1}.Debug|x64.Build.0 = Debug|Any CPU
		{32508D0D-68E7-4AE2-96D4-2A5BC013D3A1}.Debug|x86.ActiveCfg = Debug|Any CPU
		{32508D0D-68E7-4AE2-96D4-2A5BC013D3A1}.Debug|x86.Build.0 = Debug|Any CPU
		{32508D0D-68E7-4AE2-96D4-2A5BC013D3A1}.Release|Any CPU.ActiveCfg = Release|Any CPU
		{32508D0D-68E7-4AE2-96D4-2A5BC013D3A1}.Release|Any CPU.Build.0 = Release|Any CPU
		{32508D0D-68E7-4AE2-96D4-2A5BC013D3A1}.Release|x64.ActiveCfg = Release|Any CPU
		{32508D0D-68E7-4AE2-96D4-2A5BC013D3A1}.Release|x64.Build.0 = Release|Any CPU
		{32508D0D-68E7-4AE2-96D4-2A5BC013D3A1}.Release|x86.ActiveCfg = Release|Any CPU
		{32508D0D-68E7-4AE2-96D4-2A5BC013D3A1}.Release|x86.Build.0 = Release|Any CPU
		{BE31E41E-430E-4929-BCD9-732C321A69BC}.Debug|Any CPU.ActiveCfg = Debug|Any CPU
		{BE31E41E-430E-4929-BCD9-732C321A69BC}.Debug|Any CPU.Build.0 = Debug|Any CPU
		{BE31E41E-430E-4929-BCD9-732C321A69BC}.Debug|x64.ActiveCfg = Debug|Any CPU
		{BE31E41E-430E-4929-BCD9-732C321A69BC}.Debug|x64.Build.0 = Debug|Any CPU
		{BE31E41E-430E-4929-BCD9-732C321A69BC}.Debug|x86.ActiveCfg = Debug|Any CPU
		{BE31E41E-430E-4929-BCD9-732C321A69BC}.Debug|x86.Build.0 = Debug|Any CPU
		{BE31E41E-430E-4929-BCD9-732C321A69BC}.Release|Any CPU.ActiveCfg = Release|Any CPU
		{BE31E41E-430E-4929-BCD9-732C321A69BC}.Release|Any CPU.Build.0 = Release|Any CPU
		{BE31E41E-430E-4929-BCD9-732C321A69BC}.Release|x64.ActiveCfg = Release|Any CPU
		{BE31E41E-430E-4929-BCD9-732C321A69BC}.Release|x64.Build.0 = Release|Any CPU
		{BE31E41E-430E-4929-BCD9-732C321A69BC}.Release|x86.ActiveCfg = Release|Any CPU
		{BE31E41E-430E-4929-BCD9-732C321A69BC}.Release|x86.Build.0 = Release|Any CPU
	EndGlobalSection
	GlobalSection(SolutionProperties) = preSolution
		HideSolutionNode = FALSE
	EndGlobalSection
	GlobalSection(NestedProjects) = preSolution
		{8B1A3277-F9C9-42AB-9A24-B80AB6200E78} = {58657B31-4E16-4EE0-BE6A-E1828E1BBBBF}
		{3EC75474-30E9-4776-8D6D-E066E2F2EBC3} = {58657B31-4E16-4EE0-BE6A-E1828E1BBBBF}
		{C44127D8-9937-F402-5FE8-99219707F1B5} = {827E0CD3-B72D-47B6-A68D-7590B98EB39B}
		{DAABA6AB-20EE-42B2-9AF0-A0D7C70BFC41} = {C44127D8-9937-F402-5FE8-99219707F1B5}
		{986E768A-9E42-6229-8E82-349DB5D13BDD} = {827E0CD3-B72D-47B6-A68D-7590B98EB39B}
		{751ABE96-B95D-415E-9040-56AC800E9048} = {986E768A-9E42-6229-8E82-349DB5D13BDD}
		{51B637F8-9C04-5803-F48E-8CB9352021B0} = {827E0CD3-B72D-47B6-A68D-7590B98EB39B}
		{4F8DA207-C73A-4C47-B30F-DF21FE7697E1} = {51B637F8-9C04-5803-F48E-8CB9352021B0}
		{2DDBF519-8CD3-49EB-8CA0-6B4466D5D7E4} = {51B637F8-9C04-5803-F48E-8CB9352021B0}
		{32508D0D-68E7-4AE2-96D4-2A5BC013D3A1} = {51B637F8-9C04-5803-F48E-8CB9352021B0}
		{BE31E41E-430E-4929-BCD9-732C321A69BC} = {51B637F8-9C04-5803-F48E-8CB9352021B0}
	EndGlobalSection
	GlobalSection(ExtensibilityGlobals) = postSolution
		SolutionGuid = {678D1D26-E539-418D-AD32-16D32B5BE766}
	EndGlobalSection
EndGlobal
